
Microsoft Visual Studio Solution File, Format Version 12.00
# Visual Studio Version 17
VisualStudioVersion = 17.4.33110.190
MinimumVisualStudioVersion = 10.0.40219.1
Project("{FAE04EC0-301F-11D3-BF4B-00C04F79EFBC}") = "RAServices", "RAServices\RAServices.csproj", "{C2683360-CD21-4136-B7D2-E991CA2F95C5}"
EndProject
Project("{FAE04EC0-301F-11D3-BF4B-00C04F79EFBC}") = "RAUI", "RAUI\RAUI.csproj", "{DA8B084B-B47C-4974-BC54-AC79D01DDCBD}"
EndProject
Global
	GlobalSection(SolutionConfigurationPlatforms) = preSolution
		Debug|Any CPU = Debug|Any CPU
		Release|Any CPU = Release|Any CPU
	EndGlobalSection
	GlobalSection(ProjectConfigurationPlatforms) = postSolution
		{C2683360-CD21-4136-B7D2-E991CA2F95C5}.Debug|Any CPU.ActiveCfg = Debug|Any CPU
		{C2683360-CD21-4136-B7D2-E991CA2F95C5}.Debug|Any CPU.Build.0 = Debug|Any CPU
		{C2683360-CD21-4136-B7D2-E991CA2F95C5}.Release|Any CPU.ActiveCfg = Release|Any CPU
		{C2683360-CD21-4136-B7D2-E991CA2F95C5}.Release|Any CPU.Build.0 = Release|Any CPU
		{DA8B084B-B47C-4974-BC54-AC79D01DDCBD}.Debug|Any CPU.ActiveCfg = Debug|Any CPU
		{DA8B084B-B47C-4974-BC54-AC79D01DDCBD}.Debug|Any CPU.Build.0 = Debug|Any CPU
		{DA8B084B-B47C-4974-BC54-AC79D01DDCBD}.Release|Any CPU.ActiveCfg = Release|Any CPU
		{DA8B084B-B47C-4974-BC54-AC79D01DDCBD}.Release|Any CPU.Build.0 = Release|Any CPU
	EndGlobalSection
	GlobalSection(SolutionProperties) = preSolution
		HideSolutionNode = FALSE
	EndGlobalSection
	GlobalSection(ExtensibilityGlobals) = postSolution
		SolutionGuid = {EA76647D-C8CA-4AB9-9597-725D931D5306}
	EndGlobalSection
EndGlobal
